<Solution>
  <Configurations>
    <Platform Name="x86" />
  </Configurations>
  <Project Path="bin/BmGame/ScriptsDev/ScriptsDev.csproj">
    <BuildType Project="Debug" />
    <Build Project="false" />
  </Project>
  <Project Path="src/BmSDK.Generator/BmSDK.Generator.vcxproj" Id="aa5554d7-fd14-4ade-b76b-c56e897ec16b">
    <BuildType Project="Debug" />
  </Project>
  <Project Path="src/BmSDK.Host/BmSDK.Host.vcxproj" Id="bca40631-3e36-4227-a7d2-7cb604e26aa0" />
  <Project Path="src/BmSDK.Installer/BmSDK.Installer.csproj">
    <Build Project="false" />
  </Project>
  <Project Path="src/BmSDK/BmSDK.csproj" />
</Solution>
